// !$*UTF8*$!
{
	archiveVersion = 1;
	classes = {
	};
	objectVersion = 50;
	objects = {

/* Begin PBXBuildFile section */
		3000B02D21C22B9200B82925 /* AppDelegate.swift in Sources */ = {isa = PBXBuildFile; fileRef = 3000B02C21C22B9200B82925 /* AppDelegate.swift */; };
		3000B03221C22B9200B82925 /* Main.storyboard in Resources */ = {isa = PBXBuildFile; fileRef = 3000B03021C22B9200B82925 /* Main.storyboard */; };
		3000B03421C22B9200B82925 /* Assets.xcassets in Resources */ = {isa = PBXBuildFile; fileRef = 3000B03321C22B9200B82925 /* Assets.xcassets */; };
		3000B03721C22B9200B82925 /* LaunchScreen.storyboard in Resources */ = {isa = PBXBuildFile; fileRef = 3000B03521C22B9200B82925 /* LaunchScreen.storyboard */; };
		3000B03F21C22E4300B82925 /* MoviesLiustVC.swift in Sources */ = {isa = PBXBuildFile; fileRef = 3000B03E21C22E4300B82925 /* MoviesLiustVC.swift */; };
		3000B04121C22EE300B82925 /* MoviesCell.swift in Sources */ = {isa = PBXBuildFile; fileRef = 3000B04021C22EE300B82925 /* MoviesCell.swift */; };
/* End PBXBuildFile section */

/* Begin PBXFileReference section */
		3000B02921C22B9200B82925 /* Boost.app */ = {isa = PBXFileReference; explicitFileType = wrapper.application; includeInIndex = 0; path = Boost.app; sourceTree = BUILT_PRODUCTS_DIR; };
		3000B02C21C22B9200B82925 /* AppDelegate.swift */ = {isa = PBXFileReference; lastKnownFileType = sourcecode.swift; path = AppDelegate.swift; sourceTree = "<group>"; };
		3000B03121C22B9200B82925 /* Base */ = {isa = PBXFileReference; lastKnownFileType = file.storyboard; name = Base; path = Base.lproj/Main.storyboard; sourceTree = "<group>"; };
		3000B03321C22B9200B82925 /* Assets.xcassets */ = {isa = PBXFileReference; lastKnownFileType = folder.assetcatalog; path = Assets.xcassets; sourceTree = "<group>"; };
		3000B03621C22B9200B82925 /* Base */ = {isa = PBXFileReference; lastKnownFileType = file.storyboard; name = Base; path = Base.lproj/LaunchScreen.storyboard; sourceTree = "<group>"; };
		3000B03821C22B9200B82925 /* Info.plist */ = {isa = PBXFileReference; lastKnownFileType = text.plist.xml; path = Info.plist; sourceTree = "<group>"; };
		3000B03E21C22E4300B82925 /* MoviesLiustVC.swift */ = {isa = PBXFileReference; lastKnownFileType = sourcecode.swift; path = MoviesLiustVC.swift; sourceTree = "<group>"; };
		3000B04021C22EE300B82925 /* MoviesCell.swift */ = {isa = PBXFileReference; lastKnownFileType = sourcecode.swift; path = MoviesCell.swift; sourceTree = "<group>"; };
/* End PBXFileReference section */

/* Begin PBXFrameworksBuildPhase section */
		3000B02621C22B9200B82925 /* Frameworks */ = {
			isa = PBXFrameworksBuildPhase;
			buildActionMask = 2147483647;
			files = (
			);
			runOnlyForDeploymentPostprocessing = 0;
		};
/* End PBXFrameworksBuildPhase section */

/* Begin PBXGroup section */
		3000B02021C22B9200B82925 = {
			isa = PBXGroup;
			children = (
				3000B02B21C22B9200B82925 /* Boost */,
				3000B02A21C22B9200B82925 /* Products */,
			);
			sourceTree = "<group>";
		};
		3000B02A21C22B9200B82925 /* Products */ = {
			isa = PBXGroup;
			children = (
				3000B02921C22B9200B82925 /* Boost.app */,
			);
			name = Products;
			sourceTree = "<group>";
		};
		3000B02B21C22B9200B82925 /* Boost */ = {
			isa = PBXGroup;
			children = (
				3000B02C21C22B9200B82925 /* AppDelegate.swift */,
				3000B03021C22B9200B82925 /* Main.storyboard */,
				3000B03321C22B9200B82925 /* Assets.xcassets */,
				3000B03521C22B9200B82925 /* LaunchScreen.storyboard */,
				3000B03821C22B9200B82925 /* Info.plist */,
				3000B03E21C22E4300B82925 /* MoviesLiustVC.swift */,
				3000B04021C22EE300B82925 /* MoviesCell.swift */,
			);
			path = Boost;
			sourceTree = "<group>";
		};
/* End PBXGroup section */

/* Begin PBXNativeTarget section */
		3000B02821C22B9200B82925 /* Boost */ = {
			isa = PBXNativeTarget;
			buildConfigurationList = 3000B03B21C22B9200B82925 /* Build configuration list for PBXNativeTarget "Boost" */;
			buildPhases = (
				3000B02521C22B9200B82925 /* Sources */,
				3000B02621C22B9200B82925 /* Frameworks */,
				3000B02721C22B9200B82925 /* Resources */,
			);
			buildRules = (
			);
			dependencies = (
			);
			name = Boost;
			productName = Boost;
			productReference = 3000B02921C22B9200B82925 /* Boost.app */;
			productType = "com.apple.product-type.application";
		};
/* End PBXNativeTarget section */

/* Begin PBXProject section */
		3000B02121C22B9200B82925 /* Project object */ = {
			isa = PBXProject;
			attributes = {
				LastSwiftUpdateCheck = 1010;
				LastUpgradeCheck = 1010;
				ORGANIZATIONNAME = "김미진";
				TargetAttributes = {
					3000B02821C22B9200B82925 = {
						CreatedOnToolsVersion = 10.1;
					};
				};
			};
			buildConfigurationList = 3000B02421C22B9200B82925 /* Build configuration list for PBXProject "Boost" */;
			compatibilityVersion = "Xcode 9.3";
			developmentRegion = en;
			hasScannedForEncodings = 0;
			knownRegions = (
				en,
				Base,
			);
			mainGroup = 3000B02021C22B9200B82925;
			productRefGroup = 3000B02A21C22B9200B82925 /* Products */;
			projectDirPath = "";
			projectRoot = "";
			targets = (
				3000B02821C22B9200B82925 /* Boost */,
			);
		};
/* End PBXProject section */

/* Begin PBXResourcesBuildPhase section */
		3000B02721C22B9200B82925 /* Resources */ = {
			isa = PBXResourcesBuildPhase;
			buildActionMask = 2147483647;
			files = (
				3000B03721C22B9200B82925 /* LaunchScreen.storyboard in Resources */,
				3000B03421C22B9200B82925 /* Assets.xcassets in Resources */,
				3000B03221C22B9200B82925 /* Main.storyboard in Resources */,
			);
			runOnlyForDeploymentPostprocessing = 0;
		};
/* End PBXResourcesBuildPhase section */

/* Begin PBXSourcesBuildPhase section */
		3000B02521C22B9200B82925 /* Sources */ = {
			isa = PBXSourcesBuildPhase;
			buildActionMask = 2147483647;
			files = (
				3000B02D21C22B9200B82925 /* AppDelegate.swift in Sources */,
				3000B04121C22EE300B82925 /* MoviesCell.swift in Sources */,
				3000B03F21C22E4300B82925 /* MoviesLiustVC.swift in Sources */,
			);
			runOnlyForDeploymentPostprocessing = 0;
		};
/* End PBXSourcesBuildPhase section */

/* Begin PBXVariantGroup section */
		3000B03021C22B9200B82925 /* Main.storyboard */ = {
			isa = PBXVariantGroup;
			children = (
				3000B03121C22B9200B82925 /* Base */,
			);
			name = Main.storyboard;
			sourceTree = "<group>";
		};
		3000B03521C22B9200B82925 /* LaunchScreen.storyboard */ = {
			isa = PBXVariantGroup;
			children = (
				3000B03621C22B9200B82925 /* Base */,
			);
			name = LaunchScreen.storyboard;
			sourceTree = "<group>";
		};
/* End PBXVariantGroup section */

/* Begin XCBuildConfiguration section */
		3000B03921C22B9200B82925 /* Debug */ = {
			isa = XCBuildConfiguration;
			buildSettings = {
				ALWAYS_SEARCH_USER_PATHS = NO;
				CLANG_ANALYZER_NONNULL = YES;
				CLANG_ANALYZER_NUMBER_OBJECT_CONVERSION = YES_AGGRESSIVE;
				CLANG_CXX_LANGUAGE_STANDARD = "gnu++14";
				CLANG_CXX_LIBRARY = "libc++";
				CLANG_ENABLE_MODULES = YES;
				CLANG_ENABLE_OBJC_ARC = YES;
				CLANG_ENABLE_OBJC_WEAK = YES;
				CLANG_WARN_BLOCK_CAPTURE_AUTORELEASING = YES;
				CLANG_WARN_BOOL_CONVERSION = YES;
				CLANG_WARN_COMMA = YES;
				CLANG_WARN_CONSTANT_CONVERSION = YES;
				CLANG_WARN_DEPRECATED_OBJC_IMPLEMENTATIONS = YES;
				CLANG_WARN_DIRECT_OBJC_ISA_USAGE = YES_ERROR;
				CLANG_WARN_DOCUMENTATION_COMMENTS = YES;
				CLANG_WARN_EMPTY_BODY = YES;
				CLANG_WARN_ENUM_CONVERSION = YES;
				CLANG_WARN_INFINITE_RECURSION = YES;
				CLANG_WARN_INT_CONVERSION = YES;
				CLANG_WARN_NON_LITERAL_NULL_CONVERSION = YES;
				CLANG_WARN_OBJC_IMPLICIT_RETAIN_SELF = YES;
				CLANG_WARN_OBJC_LITERAL_CONVERSION = YES;
				CLANG_WARN_OBJC_ROOT_CLASS = YES_ERROR;
				CLANG_WARN_RANGE_LOOP_ANALYSIS = YES;
				CLANG_WARN_STRICT_PROTOTYPES = YES;
				CLANG_WARN_SUSPICIOUS_MOVE = YES;
				CLANG_WARN_UNGUARDED_AVAILABILITY = YES_AGGRESSIVE;
				CLANG_WARN_UNREACHABLE_CODE = YES;
				CLANG_WARN__DUPLICATE_METHOD_MATCH = YES;
				CODE_SIGN_IDENTITY = "iPhone Developer";
				COPY_PHASE_STRIP = NO;
				DEBUG_INFORMATION_FORMAT = dwarf;
				ENABLE_STRICT_OBJC_MSGSEND = YES;
				ENABLE_TESTABILITY = YES;
				GCC_C_LANGUAGE_STANDARD = gnu11;
				GCC_DYNAMIC_NO_PIC = NO;
				GCC_NO_COMMON_BLOCKS = YES;
				GCC_OPTIMIZATION_LEVEL = 0;
				GCC_PREPROCESSOR_DEFINITIONS = (
					"DEBUG=1",
					"$(inherited)",
				);
				GCC_WARN_64_TO_32_BIT_CONVERSION = YES;
				GCC_WARN_ABOUT_RETURN_TYPE = YES_ERROR;
				GCC_WARN_UNDECLARED_SELECTOR = YES;
				GCC_WARN_UNINITIALIZED_AUTOS = YES_AGGRESSIVE;
				GCC_WARN_UNUSED_FUNCTION = YES;
				GCC_WARN_UNUSED_VARIABLE = YES;
				IPHONEOS_DEPLOYMENT_TARGET = 12.1;
				MTL_ENABLE_DEBUG_INFO = INCLUDE_SOURCE;
				MTL_FAST_MATH = YES;
				ONLY_ACTIVE_ARCH = YES;
				SDKROOT = iphoneos;
				SWIFT_ACTIVE_COMPILATION_CONDITIONS = DEBUG;
				SWIFT_OPTIMIZATION_LEVEL = "-Onone";
			};
			name = Debug;
		};
		3000B03A21C22B9200B82925 /* Release */ = {
			isa = XCBuildConfiguration;
			buildSettings = {
				ALWAYS_SEARCH_USER_PATHS = NO;
				CLANG_ANALYZER_NONNULL = YES;
				CLANG_ANALYZER_NUMBER_OBJECT_CONVERSION = YES_AGGRESSIVE;
				CLANG_CXX_LANGUAGE_STANDARD = "gnu++14";
				CLANG_CXX_LIBRARY = "libc++";
				CLANG_ENABLE_MODULES = YES;
				CLANG_ENABLE_OBJC_ARC = YES;
				CLANG_ENABLE_OBJC_WEAK = YES;
				CLANG_WARN_BLOCK_CAPTURE_AUTORELEASING = YES;
				CLANG_WARN_BOOL_CONVERSION = YES;
				CLANG_WARN_COMMA = YES;
				CLANG_WARN_CONSTANT_CONVERSION = YES;
				CLANG_WARN_DEPRECATED_OBJC_IMPLEMENTATIONS = YES;
				CLANG_WARN_DIRECT_OBJC_ISA_USAGE = YES_ERROR;
				CLANG_WARN_DOCUMENTATION_COMMENTS = YES;
				CLANG_WARN_EMPTY_BODY = YES;
				CLANG_WARN_ENUM_CONVERSION = YES;
				CLANG_WARN_INFINITE_RECURSION = YES;
				CLANG_WARN_INT_CONVERSION = YES;
				CLANG_WARN_NON_LITERAL_NULL_CONVERSION = YES;
				CLANG_WARN_OBJC_IMPLICIT_RETAIN_SELF = YES;
				CLANG_WARN_OBJC_LITERAL_CONVERSION = YES;
				CLANG_WARN_OBJC_ROOT_CLASS = YES_ERROR;
				CLANG_WARN_RANGE_LOOP_ANALYSIS = YES;
				CLANG_WARN_STRICT_PROTOTYPES = YES;
				CLANG_WARN_SUSPICIOUS_MOVE = YES;
				CLANG_WARN_UNGUARDED_AVAILABILITY = YES_AGGRESSIVE;
				CLANG_WARN_UNREACHABLE_CODE = YES;
				CLANG_WARN__DUPLICATE_METHOD_MATCH = YES;
				CODE_SIGN_IDENTITY = "iPhone Developer";
				COPY_PHASE_STRIP = NO;
				DEBUG_INFORMATION_FORMAT = "dwarf-with-dsym";
				ENABLE_NS_ASSERTIONS = NO;
				ENABLE_STRICT_OBJC_MSGSEND = YES;
				GCC_C_LANGUAGE_STANDARD = gnu11;
				GCC_NO_COMMON_BLOCKS = YES;
				GCC_WARN_64_TO_32_BIT_CONVERSION = YES;
				GCC_WARN_ABOUT_RETURN_TYPE = YES_ERROR;
				GCC_WARN_UNDECLARED_SELECTOR = YES;
				GCC_WARN_UNINITIALIZED_AUTOS = YES_AGGRESSIVE;
				GCC_WARN_UNUSED_FUNCTION = YES;
				GCC_WARN_UNUSED_VARIABLE = YES;
				IPHONEOS_DEPLOYMENT_TARGET = 12.1;
				MTL_ENABLE_DEBUG_INFO = NO;
				MTL_FAST_MATH = YES;
				SDKROOT = iphoneos;
				SWIFT_COMPILATION_MODE = wholemodule;
				SWIFT_OPTIMIZATION_LEVEL = "-O";
				VALIDATE_PRODUCT = YES;
			};
			name = Release;
		};
		3000B03C21C22B9200B82925 /* Debug */ = {
			isa = XCBuildConfiguration;
			buildSettings = {
				ASSETCATALOG_COMPILER_APPICON_NAME = AppIcon;
				CODE_SIGN_STYLE = Automatic;
				INFOPLIST_FILE = Boost/Info.plist;
				LD_RUNPATH_SEARCH_PATHS = (
					"$(inherited)",
					"@executable_path/Frameworks",
				);
				PRODUCT_BUNDLE_IDENTIFIER = com.jiny.boost.Boost;
				PRODUCT_NAME = "$(TARGET_NAME)";
				SWIFT_VERSION = 4.2;
				TARGETED_DEVICE_FAMILY = "1,2";
			};
			name = Debug;
		};
		3000B03D21C22B9200B82925 /* Release */ = {
			isa = XCBuildConfiguration;
			buildSettings = {
				ASSETCATALOG_COMPILER_APPICON_NAME = AppIcon;
				CODE_SIGN_STYLE = Automatic;
				INFOPLIST_FILE = Boost/Info.plist;
				LD_RUNPATH_SEARCH_PATHS = (
					"$(inherited)",
					"@executable_path/Frameworks",
				);
				PRODUCT_BUNDLE_IDENTIFIER = com.jiny.boost.Boost;
				PRODUCT_NAME = "$(TARGET_NAME)";
				SWIFT_VERSION = 4.2;
				TARGETED_DEVICE_FAMILY = "1,2";
			};
			name = Release;
		};
/* End XCBuildConfiguration section */

/* Begin XCConfigurationList section */
		3000B02421C22B9200B82925 /* Build configuration list for PBXProject "Boost" */ = {
			isa = XCConfigurationList;
			buildConfigurations = (
				3000B03921C22B9200B82925 /* Debug */,
				3000B03A21C22B9200B82925 /* Release */,
			);
			defaultConfigurationIsVisible = 0;
			defaultConfigurationName = Release;
		};
		3000B03B21C22B9200B82925 /* Build configuration list for PBXNativeTarget "Boost" */ = {
			isa = XCConfigurationList;
			buildConfigurations = (
				3000B03C21C22B9200B82925 /* Debug */,
				3000B03D21C22B9200B82925 /* Release */,
			);
			defaultConfigurationIsVisible = 0;
			defaultConfigurationName = Release;
		};
/* End XCConfigurationList section */
	};
	rootObject = 3000B02121C22B9200B82925 /* Project object */;
}
